
Microsoft Visual Studio Solution File, Format Version 12.00
# Visual Studio 15
Project("{FAE04EC0-301F-11D3-BF4B-00C04F79EFBC}") = "Assembly-CSharp", "Assembly-CSharp.csproj", "{B813A8C3-2498-E9B8-2704-640DE0A95FB2}"
EndProject
Project("{FAE04EC0-301F-11D3-BF4B-00C04F79EFBC}") = "Assembly-CSharp-Editor", "Assembly-CSharp-Editor.csproj", "{92714F8E-1D73-01BC-0369-C8DF678DEC0D}"
EndProject
Global
	GlobalSection(SolutionConfigurationPlatforms) = preSolution
		Debug|Any CPU = Debug|Any CPU
		Release|Any CPU = Release|Any CPU
	EndGlobalSection
	GlobalSection(ProjectConfigurationPlatforms) = postSolution
		{B813A8C3-2498-E9B8-2704-640DE0A95FB2}.Debug|Any CPU.ActiveCfg = Debug|Any CPU
		{B813A8C3-2498-E9B8-2704-640DE0A95FB2}.Debug|Any CPU.Build.0 = Debug|Any CPU
		{B813A8C3-2498-E9B8-2704-640DE0A95FB2}.Release|Any CPU.ActiveCfg = Release|Any CPU
		{B813A8C3-2498-E9B8-2704-640DE0A95FB2}.Release|Any CPU.Build.0 = Release|Any CPU
		{92714F8E-1D73-01BC-0369-C8DF678DEC0D}.Debug|Any CPU.ActiveCfg = Debug|Any CPU
		{92714F8E-1D73-01BC-0369-C8DF678DEC0D}.Debug|Any CPU.Build.0 = Debug|Any CPU
		{92714F8E-1D73-01BC-0369-C8DF678DEC0D}.Release|Any CPU.ActiveCfg = Release|Any CPU
		{92714F8E-1D73-01BC-0369-C8DF678DEC0D}.Release|Any CPU.Build.0 = Release|Any CPU
	EndGlobalSection
	GlobalSection(SolutionProperties) = preSolution
		HideSolutionNode = FALSE
	EndGlobalSection
EndGlobal
